
Microsoft Visual Studio Solution File, Format Version 12.00
# Visual Studio 14
VisualStudioVersion = 14.0.25420.1
MinimumVisualStudioVersion = 10.0.40219.1
Project("{FAE04EC0-301F-11D3-BF4B-00C04F79EFBC}") = "GoldSilver.Domain", "GoldSilver.Domain\GoldSilver.Domain.csproj", "{4C3D498D-4889-4953-9DA9-9CB7202B9B6E}"
EndProject
Project("{FAE04EC0-301F-11D3-BF4B-00C04F79EFBC}") = "GoldSilver.WebUI", "GoldSilver.WebUI\GoldSilver.WebUI.csproj", "{EEC7BB02-A938-44A0-A727-544782C4D068}"
EndProject
Global
	GlobalSection(SolutionConfigurationPlatforms) = preSolution
		Debug|Any CPU = Debug|Any CPU
		Release|Any CPU = Release|Any CPU
	EndGlobalSection
	GlobalSection(ProjectConfigurationPlatforms) = postSolution
		{4C3D498D-4889-4953-9DA9-9CB7202B9B6E}.Debug|Any CPU.ActiveCfg = Debug|Any CPU
		{4C3D498D-4889-4953-9DA9-9CB7202B9B6E}.Debug|Any CPU.Build.0 = Debug|Any CPU
		{4C3D498D-4889-4953-9DA9-9CB7202B9B6E}.Release|Any CPU.ActiveCfg = Release|Any CPU
		{4C3D498D-4889-4953-9DA9-9CB7202B9B6E}.Release|Any CPU.Build.0 = Release|Any CPU
		{EEC7BB02-A938-44A0-A727-544782C4D068}.Debug|Any CPU.ActiveCfg = Debug|Any CPU
		{EEC7BB02-A938-44A0-A727-544782C4D068}.Debug|Any CPU.Build.0 = Debug|Any CPU
		{EEC7BB02-A938-44A0-A727-544782C4D068}.Release|Any CPU.ActiveCfg = Release|Any CPU
		{EEC7BB02-A938-44A0-A727-544782C4D068}.Release|Any CPU.Build.0 = Release|Any CPU
	EndGlobalSection
	GlobalSection(SolutionProperties) = preSolution
		HideSolutionNode = FALSE
	EndGlobalSection
EndGlobal
